
Microsoft Visual Studio Solution File, Format Version 12.00
# Visual Studio Version 16
VisualStudioVersion = 16.0.30114.105
MinimumVisualStudioVersion = 10.0.40219.1
Project("{9A19103F-16F7-4668-BE54-9A1E7A4F7556}") = "console", "console\console.csproj", "{668D5B31-CE65-4995-BBB8-24B7CE3079DB}"
EndProject
Project("{9A19103F-16F7-4668-BE54-9A1E7A4F7556}") = "coreApi", "coreApi\coreApi.csproj", "{5485F9CD-2710-4F2E-B78C-21F9761D24CE}"
EndProject
Project("{9A19103F-16F7-4668-BE54-9A1E7A4F7556}") = "test", "test\test.csproj", "{AC6A31D8-8244-4AC0-818A-BD23C3E07631}"
EndProject
Global
	GlobalSection(SolutionConfigurationPlatforms) = preSolution
		Debug|Any CPU = Debug|Any CPU
		Debug|x64 = Debug|x64
		Debug|x86 = Debug|x86
		Release|Any CPU = Release|Any CPU
		Release|x64 = Release|x64
		Release|x86 = Release|x86
	EndGlobalSection
	GlobalSection(ProjectConfigurationPlatforms) = postSolution
		{668D5B31-CE65-4995-BBB8-24B7CE3079DB}.Debug|Any CPU.ActiveCfg = Debug|Any CPU
		{668D5B31-CE65-4995-BBB8-24B7CE3079DB}.Debug|Any CPU.Build.0 = Debug|Any CPU
		{668D5B31-CE65-4995-BBB8-24B7CE3079DB}.Debug|x64.ActiveCfg = Debug|Any CPU
		{668D5B31-CE65-4995-BBB8-24B7CE3079DB}.Debug|x64.Build.0 = Debug|Any CPU
		{668D5B31-CE65-4995-BBB8-24B7CE3079DB}.Debug|x86.ActiveCfg = Debug|Any CPU
		{668D5B31-CE65-4995-BBB8-24B7CE3079DB}.Debug|x86.Build.0 = Debug|Any CPU
		{668D5B31-CE65-4995-BBB8-24B7CE3079DB}.Release|Any CPU.ActiveCfg = Release|Any CPU
		{668D5B31-CE65-4995-BBB8-24B7CE3079DB}.Release|Any CPU.Build.0 = Release|Any CPU
		{668D5B31-CE65-4995-BBB8-24B7CE3079DB}.Release|x64.ActiveCfg = Release|Any CPU
		{668D5B31-CE65-4995-BBB8-24B7CE3079DB}.Release|x64.Build.0 = Release|Any CPU
		{668D5B31-CE65-4995-BBB8-24B7CE3079DB}.Release|x86.ActiveCfg = Release|Any CPU
		{668D5B31-CE65-4995-BBB8-24B7CE3079DB}.Release|x86.Build.0 = Release|Any CPU
		{AAA16389-D7F6-4874-858E-96C01BF6A28E}.Debug|Any CPU.ActiveCfg = Debug|Any CPU
		{AAA16389-D7F6-4874-858E-96C01BF6A28E}.Debug|Any CPU.Build.0 = Debug|Any CPU
		{AAA16389-D7F6-4874-858E-96C01BF6A28E}.Debug|x64.ActiveCfg = Debug|Any CPU
		{AAA16389-D7F6-4874-858E-96C01BF6A28E}.Debug|x64.Build.0 = Debug|Any CPU
		{AAA16389-D7F6-4874-858E-96C01BF6A28E}.Debug|x86.ActiveCfg = Debug|Any CPU
		{AAA16389-D7F6-4874-858E-96C01BF6A28E}.Debug|x86.Build.0 = Debug|Any CPU
		{AAA16389-D7F6-4874-858E-96C01BF6A28E}.Release|Any CPU.ActiveCfg = Release|Any CPU
		{AAA16389-D7F6-4874-858E-96C01BF6A28E}.Release|Any CPU.Build.0 = Release|Any CPU
		{AAA16389-D7F6-4874-858E-96C01BF6A28E}.Release|x64.ActiveCfg = Release|Any CPU
		{AAA16389-D7F6-4874-858E-96C01BF6A28E}.Release|x64.Build.0 = Release|Any CPU
		{AAA16389-D7F6-4874-858E-96C01BF6A28E}.Release|x86.ActiveCfg = Release|Any CPU
		{AAA16389-D7F6-4874-858E-96C01BF6A28E}.Release|x86.Build.0 = Release|Any CPU
		{5485F9CD-2710-4F2E-B78C-21F9761D24CE}.Debug|Any CPU.ActiveCfg = Debug|Any CPU
		{5485F9CD-2710-4F2E-B78C-21F9761D24CE}.Debug|Any CPU.Build.0 = Debug|Any CPU
		{5485F9CD-2710-4F2E-B78C-21F9761D24CE}.Debug|x64.ActiveCfg = Debug|Any CPU
		{5485F9CD-2710-4F2E-B78C-21F9761D24CE}.Debug|x64.Build.0 = Debug|Any CPU
		{5485F9CD-2710-4F2E-B78C-21F9761D24CE}.Debug|x86.ActiveCfg = Debug|Any CPU
		{5485F9CD-2710-4F2E-B78C-21F9761D24CE}.Debug|x86.Build.0 = Debug|Any CPU
		{5485F9CD-2710-4F2E-B78C-21F9761D24CE}.Release|Any CPU.ActiveCfg = Release|Any CPU
		{5485F9CD-2710-4F2E-B78C-21F9761D24CE}.Release|Any CPU.Build.0 = Release|Any CPU
		{5485F9CD-2710-4F2E-B78C-21F9761D24CE}.Release|x64.ActiveCfg = Release|Any CPU
		{5485F9CD-2710-4F2E-B78C-21F9761D24CE}.Release|x64.Build.0 = Release|Any CPU
		{5485F9CD-2710-4F2E-B78C-21F9761D24CE}.Release|x86.ActiveCfg = Release|Any CPU
		{5485F9CD-2710-4F2E-B78C-21F9761D24CE}.Release|x86.Build.0 = Release|Any CPU
		{AC6A31D8-8244-4AC0-818A-BD23C3E07631}.Debug|Any CPU.ActiveCfg = Debug|Any CPU
		{AC6A31D8-8244-4AC0-818A-BD23C3E07631}.Debug|Any CPU.Build.0 = Debug|Any CPU
		{AC6A31D8-8244-4AC0-818A-BD23C3E07631}.Debug|x64.ActiveCfg = Debug|Any CPU
		{AC6A31D8-8244-4AC0-818A-BD23C3E07631}.Debug|x64.Build.0 = Debug|Any CPU
		{AC6A31D8-8244-4AC0-818A-BD23C3E07631}.Debug|x86.ActiveCfg = Debug|Any CPU
		{AC6A31D8-8244-4AC0-818A-BD23C3E07631}.Debug|x86.Build.0 = Debug|Any CPU
		{AC6A31D8-8244-4AC0-818A-BD23C3E07631}.Release|Any CPU.ActiveCfg = Release|Any CPU
		{AC6A31D8-8244-4AC0-818A-BD23C3E07631}.Release|Any CPU.Build.0 = Release|Any CPU
		{AC6A31D8-8244-4AC0-818A-BD23C3E07631}.Release|x64.ActiveCfg = Release|Any CPU
		{AC6A31D8-8244-4AC0-818A-BD23C3E07631}.Release|x64.Build.0 = Release|Any CPU
		{AC6A31D8-8244-4AC0-818A-BD23C3E07631}.Release|x86.ActiveCfg = Release|Any CPU
		{AC6A31D8-8244-4AC0-818A-BD23C3E07631}.Release|x86.Build.0 = Release|Any CPU
	EndGlobalSection
	GlobalSection(SolutionProperties) = preSolution
		HideSolutionNode = FALSE
	EndGlobalSection
	GlobalSection(ExtensibilityGlobals) = postSolution
		SolutionGuid = {22CD94F7-AA3C-4786-AC55-C1D9AEF799F6}
	EndGlobalSection
EndGlobal
