
Microsoft Visual Studio Solution File, Format Version 12.00
# Visual Studio Version 16
VisualStudioVersion = 16.0.31729.503
MinimumVisualStudioVersion = 10.0.40219.1
Project("{9A19103F-16F7-4668-BE54-9A1E7A4F7556}") = "core-api", "core-api.csproj", "{6EE0925A-66FC-4EBC-98F0-C81BFC1A2C81}"
EndProject
Global
	GlobalSection(SolutionConfigurationPlatforms) = preSolution
		Debug|Any CPU = Debug|Any CPU
		Release|Any CPU = Release|Any CPU
	EndGlobalSection
	GlobalSection(ProjectConfigurationPlatforms) = postSolution
		{6EE0925A-66FC-4EBC-98F0-C81BFC1A2C81}.Debug|Any CPU.ActiveCfg = Debug|Any CPU
		{6EE0925A-66FC-4EBC-98F0-C81BFC1A2C81}.Debug|Any CPU.Build.0 = Debug|Any CPU
		{6EE0925A-66FC-4EBC-98F0-C81BFC1A2C81}.Release|Any CPU.ActiveCfg = Release|Any CPU
		{6EE0925A-66FC-4EBC-98F0-C81BFC1A2C81}.Release|Any CPU.Build.0 = Release|Any CPU
	EndGlobalSection
	GlobalSection(SolutionProperties) = preSolution
		HideSolutionNode = FALSE
	EndGlobalSection
	GlobalSection(ExtensibilityGlobals) = postSolution
		SolutionGuid = {731C3400-5883-4876-ABDE-078FC4D8795B}
	EndGlobalSection
EndGlobal
